{
    "hash": "413be88e2f7ffcd1f89300e979821d1e",
    "packages": [
        {
            "name": "composer/installers",
            "version": "v1.0.3",
            "source": {
                "type": "git",
                "url": "https://github.com/composer/installers.git",
                "reference": "v1.0.3"
            },
            "dist": {
                "type": "zip",
                "url": "https://api.github.com/repos/composer/installers/zipball/v1.0.3",
                "reference": "v1.0.3",
                "shasum": ""
            },
            "replace": {
                "shama/baton": "*"
            },
            "require-dev": {
                "composer/composer": "1.0.*@dev",
                "phpunit/phpunit": "3.7.*"
            },
            "type": "composer-installer",
            "extra": {
                "class": "Composer\\Installers\\Installer",
                "branch-alias": {
                    "dev-master": "1.0-dev"
                }
            },
            "autoload": {
                "psr-0": {
                    "Composer\\Installers\\": "src/"
                }
            },
            "notification-url": "https://packagist.org/downloads/",
            "license": [
                "MIT"
            ],
            "authors": [
                {
                    "name": "Kyle Robinson Young",
                    "email": "kyle@dontkry.com",
                    "homepage": "http://dontkry.com",
                    "role": "Developer"
                }
            ],
            "description": "A multi-framework Composer library installer",
            "homepage": "http://composer.github.com/installers/",
            "keywords": [
                "TYPO3 Flow",
                "TYPO3 Neos",
                "agl",
                "cakephp",
                "codeigniter",
                "drupal",
                "fuelphp",
                "installer",
                "joomla",
                "kohana",
                "laravel",
                "li3",
                "lithium",
                "mako",
                "phpbb",
                "ppi",
                "silverstripe",
                "symfony",
                "wordpress",
                "yii",
                "zend"
            ],
            "time": "2013-03-02 22:45:58"
        },
        {
            "name": "predis/predis",
            "version": "v0.8.3",
            "source": {
                "type": "git",
                "url": "https://github.com/nrk/predis.git",
                "reference": "v0.8.3"
            },
            "dist": {
                "type": "zip",
                "url": "https://api.github.com/repos/nrk/predis/zipball/v0.8.3",
                "reference": "v0.8.3",
                "shasum": ""
            },
            "require": {
                "php": ">=5.3.2"
            },
            "suggest": {
                "ext-curl": "Allows access to Webdis when paired with phpiredis",
                "ext-phpiredis": "Allows faster serialization and deserialization of the Redis protocol"
            },
            "type": "library",
            "autoload": {
                "psr-0": {
                    "Predis": "lib/"
                }
            },
            "notification-url": "https://packagist.org/downloads/",
            "license": [
                "MIT"
            ],
            "authors": [
                {
                    "name": "Daniele Alessandri",
                    "email": "suppakilla@gmail.com",
                    "homepage": "http://clorophilla.net"
                }
            ],
            "description": "Flexible and feature-complete PHP client library for Redis",
            "homepage": "http://github.com/nrk/predis",
            "keywords": [
                "nosql",
                "predis",
                "redis"
            ],
            "time": "2013-02-18 14:03:45"
        },
        {
            "name": "predis/predis-async",
            "version": "dev-master",
            "source": {
                "type": "git",
                "url": "https://github.com/nrk/predis-async.git",
                "reference": "3babb025d26bddc3863f58df8c9f487b82b5fedd"
            },
            "dist": {
                "type": "zip",
                "url": "https://api.github.com/repos/nrk/predis-async/zipball/3babb025d26bddc3863f58df8c9f487b82b5fedd",
                "reference": "3babb025d26bddc3863f58df8c9f487b82b5fedd",
                "shasum": ""
            },
            "require": {
                "ext-phpiredis": "*",
                "php": ">=5.3.0",
                "predis/predis": "0.8.*",
                "react/event-loop": "0.2.*"
            },
            "type": "library",
            "autoload": {
                "psr-0": {
                    "Predis\\Async": "lib/"
                }
            },
            "notification-url": "https://packagist.org/downloads/",
            "license": [
                "MIT"
            ],
            "authors": [
                {
                    "name": "Daniele Alessandri",
                    "email": "suppakilla@gmail.com",
                    "homepage": "http://clorophilla.net"
                }
            ],
            "description": "Asynchronous version of Predis",
            "homepage": "http://github.com/nrk/predis-async",
            "keywords": [
                "nosql",
                "predis",
                "redis"
            ],
            "time": "2013-01-01 13:00:49"
        },
        {
            "name": "react/event-loop",
            "version": "v0.2.7",
            "target-dir": "React/EventLoop",
            "source": {
                "type": "git",
                "url": "https://github.com/reactphp/event-loop",
                "reference": "v0.2.7"
            },
            "dist": {
                "type": "zip",
                "url": "https://github.com/reactphp/event-loop/archive/v0.2.7.zip",
                "reference": "v0.2.7",
                "shasum": ""
            },
            "require": {
                "php": ">=5.3.3"
            },
            "suggest": {
                "ext-libev": "*",
                "ext-libevent": ">=0.0.5"
            },
            "type": "library",
            "extra": {
                "branch-alias": {
                    "dev-master": "0.2-dev"
                }
            },
            "autoload": {
                "psr-0": {
                    "React\\EventLoop": ""
                }
            },
            "notification-url": "https://packagist.org/downloads/",
            "license": [
                "MIT"
            ],
            "description": "Event loop abstraction layer that libraries can use for evented I/O.",
            "keywords": [
                "event-loop"
            ],
            "time": "2013-01-05 11:41:26"
        }
    ],
    "packages-dev": [

    ],
    "aliases": [

    ],
    "minimum-stability": "stable",
    "stability-flags": {
        "predis/predis-async": 20
    },
    "platform": {
        "php": ">=5.3.3"
    },
    "platform-dev": [

    ]
}
